
Microsoft Visual Studio Solution File, Format Version 12.00
# Visual Studio 14
VisualStudioVersion = 14.0.25420.1
MinimumVisualStudioVersion = 10.0.40219.1
Project("{FAE04EC0-301F-11D3-BF4B-00C04F79EFBC}") = "SchoolManagementApp", "SchoolManagementApp\SchoolManagementApp.csproj", "{437AFFBB-7688-4C8F-B922-50B7F9B415E6}"
EndProject
Project("{FAE04EC0-301F-11D3-BF4B-00C04F79EFBC}") = "SchoolManagementRepository", "SchoolManagementRepository\SchoolManagementRepository.csproj", "{3873BAE3-01F5-4F84-8D48-CEFF1603E682}"
EndProject
Global
	GlobalSection(SolutionConfigurationPlatforms) = preSolution
		Debug|Any CPU = Debug|Any CPU
		Release|Any CPU = Release|Any CPU
	EndGlobalSection
	GlobalSection(ProjectConfigurationPlatforms) = postSolution
		{437AFFBB-7688-4C8F-B922-50B7F9B415E6}.Debug|Any CPU.ActiveCfg = Debug|Any CPU
		{437AFFBB-7688-4C8F-B922-50B7F9B415E6}.Debug|Any CPU.Build.0 = Debug|Any CPU
		{437AFFBB-7688-4C8F-B922-50B7F9B415E6}.Release|Any CPU.ActiveCfg = Release|Any CPU
		{437AFFBB-7688-4C8F-B922-50B7F9B415E6}.Release|Any CPU.Build.0 = Release|Any CPU
		{3873BAE3-01F5-4F84-8D48-CEFF1603E682}.Debug|Any CPU.ActiveCfg = Debug|Any CPU
		{3873BAE3-01F5-4F84-8D48-CEFF1603E682}.Debug|Any CPU.Build.0 = Debug|Any CPU
		{3873BAE3-01F5-4F84-8D48-CEFF1603E682}.Release|Any CPU.ActiveCfg = Release|Any CPU
		{3873BAE3-01F5-4F84-8D48-CEFF1603E682}.Release|Any CPU.Build.0 = Release|Any CPU
	EndGlobalSection
	GlobalSection(SolutionProperties) = preSolution
		HideSolutionNode = FALSE
	EndGlobalSection
EndGlobal
